
Microsoft Visual Studio Solution File, Format Version 12.00
# Visual Studio Version 16
VisualStudioVersion = 16.0.31729.503
MinimumVisualStudioVersion = 10.0.40219.1
Project("{FAE04EC0-301F-11D3-BF4B-00C04F79EFBC}") = "calculator", "calculator\calculator.csproj", "{7C9E520A-09A5-4E90-BA47-8DAB9253F9A4}"
EndProject
Global
	GlobalSection(SolutionConfigurationPlatforms) = preSolution
		Debug|Any CPU = Debug|Any CPU
		Release|Any CPU = Release|Any CPU
	EndGlobalSection
	GlobalSection(ProjectConfigurationPlatforms) = postSolution
		{7C9E520A-09A5-4E90-BA47-8DAB9253F9A4}.Debug|Any CPU.ActiveCfg = Debug|Any CPU
		{7C9E520A-09A5-4E90-BA47-8DAB9253F9A4}.Debug|Any CPU.Build.0 = Debug|Any CPU
		{7C9E520A-09A5-4E90-BA47-8DAB9253F9A4}.Release|Any CPU.ActiveCfg = Release|Any CPU
		{7C9E520A-09A5-4E90-BA47-8DAB9253F9A4}.Release|Any CPU.Build.0 = Release|Any CPU
	EndGlobalSection
	GlobalSection(SolutionProperties) = preSolution
		HideSolutionNode = FALSE
	EndGlobalSection
	GlobalSection(ExtensibilityGlobals) = postSolution
		SolutionGuid = {078C1058-63D2-4EA5-A0B5-BEFF9A562B7F}
	EndGlobalSection
EndGlobal
